// !$*UTF8*$!
{
	archiveVersion = 1;
	classes = {
	};
	objectVersion = 50;
	objects = {

/* Begin PBXBuildFile section */
		13C403AADD696E319304464A /* Pods_video_play_appTests.framework in Frameworks */ = {isa = PBXBuildFile; fileRef = 4B4D6B61F301A9FA7CE195A0 /* Pods_video_play_appTests.framework */; };
		8B9EFCA984152B83F1B45DFA /* Pods_video_play_appUITests.framework in Frameworks */ = {isa = PBXBuildFile; fileRef = 67B5EF4A44D6236213B31AA9 /* Pods_video_play_appUITests.framework */; };
		B5F423EDF182884E09D0E3E9 /* Pods_video_play_app.framework in Frameworks */ = {isa = PBXBuildFile; fileRef = 980CEEAF5F83091B6D620E37 /* Pods_video_play_app.framework */; };
		CED736342153AA5300B6FE6C /* AppDelegate.swift in Sources */ = {isa = PBXBuildFile; fileRef = CED736332153AA5300B6FE6C /* AppDelegate.swift */; };
		CED7363B2153AA5400B6FE6C /* Assets.xcassets in Resources */ = {isa = PBXBuildFile; fileRef = CED7363A2153AA5400B6FE6C /* Assets.xcassets */; };
		CED736492153AA5400B6FE6C /* video_play_appTests.swift in Sources */ = {isa = PBXBuildFile; fileRef = CED736482153AA5400B6FE6C /* video_play_appTests.swift */; };
		CED736542153AA5400B6FE6C /* video_play_appUITests.swift in Sources */ = {isa = PBXBuildFile; fileRef = CED736532153AA5400B6FE6C /* video_play_appUITests.swift */; };
		CEDFCF4D2154D7950049CBD4 /* LaunchScreen.xib in Resources */ = {isa = PBXBuildFile; fileRef = CEDFCF4C2154D7950049CBD4 /* LaunchScreen.xib */; };
		CEEFEEA1215483E3000582FE /* PlayListTableViewCell.swift in Sources */ = {isa = PBXBuildFile; fileRef = CEEFEE9F215483E3000582FE /* PlayListTableViewCell.swift */; };
		CEEFEEA2215483E3000582FE /* PlayListTableViewCell.xib in Resources */ = {isa = PBXBuildFile; fileRef = CEEFEEA0215483E3000582FE /* PlayListTableViewCell.xib */; };
		CEEFEEA82154CD45000582FE /* LandscapePlayerViewController.swift in Sources */ = {isa = PBXBuildFile; fileRef = CEEFEEA72154CD45000582FE /* LandscapePlayerViewController.swift */; };
		CEF8B4642153AE0400863261 /* PlayListTableViewController.swift in Sources */ = {isa = PBXBuildFile; fileRef = CEF8B4622153AE0400863261 /* PlayListTableViewController.swift */; };
		CEF8B4652153AE0400863261 /* PlayListTableViewController.xib in Resources */ = {isa = PBXBuildFile; fileRef = CEF8B4632153AE0400863261 /* PlayListTableViewController.xib */; };
/* End PBXBuildFile section */

/* Begin PBXContainerItemProxy section */
		CED736452153AA5400B6FE6C /* PBXContainerItemProxy */ = {
			isa = PBXContainerItemProxy;
			containerPortal = CED736282153AA5300B6FE6C /* Project object */;
			proxyType = 1;
			remoteGlobalIDString = CED7362F2153AA5300B6FE6C;
			remoteInfo = video_play_app;
		};
		CED736502153AA5400B6FE6C /* PBXContainerItemProxy */ = {
			isa = PBXContainerItemProxy;
			containerPortal = CED736282153AA5300B6FE6C /* Project object */;
			proxyType = 1;
			remoteGlobalIDString = CED7362F2153AA5300B6FE6C;
			remoteInfo = video_play_app;
		};
/* End PBXContainerItemProxy section */

/* Begin PBXFileReference section */
		21D2EEC0AFE91A495880D8FE /* Pods-video_play_app.release.xcconfig */ = {isa = PBXFileReference; includeInIndex = 1; lastKnownFileType = text.xcconfig; name = "Pods-video_play_app.release.xcconfig"; path = "Pods/Target Support Files/Pods-video_play_app/Pods-video_play_app.release.xcconfig"; sourceTree = "<group>"; };
		4B4D6B61F301A9FA7CE195A0 /* Pods_video_play_appTests.framework */ = {isa = PBXFileReference; explicitFileType = wrapper.framework; includeInIndex = 0; path = Pods_video_play_appTests.framework; sourceTree = BUILT_PRODUCTS_DIR; };
		67B5EF4A44D6236213B31AA9 /* Pods_video_play_appUITests.framework */ = {isa = PBXFileReference; explicitFileType = wrapper.framework; includeInIndex = 0; path = Pods_video_play_appUITests.framework; sourceTree = BUILT_PRODUCTS_DIR; };
		980CEEAF5F83091B6D620E37 /* Pods_video_play_app.framework */ = {isa = PBXFileReference; explicitFileType = wrapper.framework; includeInIndex = 0; path = Pods_video_play_app.framework; sourceTree = BUILT_PRODUCTS_DIR; };
		A38AE38AFFD237DFF0EE36CF /* Pods-video_play_appUITests.release.xcconfig */ = {isa = PBXFileReference; includeInIndex = 1; lastKnownFileType = text.xcconfig; name = "Pods-video_play_appUITests.release.xcconfig"; path = "Pods/Target Support Files/Pods-video_play_appUITests/Pods-video_play_appUITests.release.xcconfig"; sourceTree = "<group>"; };
		B6AC4DA6F86A0F7E76EF038A /* Pods-video_play_appTests.release.xcconfig */ = {isa = PBXFileReference; includeInIndex = 1; lastKnownFileType = text.xcconfig; name = "Pods-video_play_appTests.release.xcconfig"; path = "Pods/Target Support Files/Pods-video_play_appTests/Pods-video_play_appTests.release.xcconfig"; sourceTree = "<group>"; };
		CED736302153AA5300B6FE6C /* video_play_app.app */ = {isa = PBXFileReference; explicitFileType = wrapper.application; includeInIndex = 0; path = video_play_app.app; sourceTree = BUILT_PRODUCTS_DIR; };
		CED736332153AA5300B6FE6C /* AppDelegate.swift */ = {isa = PBXFileReference; lastKnownFileType = sourcecode.swift; path = AppDelegate.swift; sourceTree = "<group>"; };
		CED7363A2153AA5400B6FE6C /* Assets.xcassets */ = {isa = PBXFileReference; lastKnownFileType = folder.assetcatalog; path = Assets.xcassets; sourceTree = "<group>"; };
		CED7363F2153AA5400B6FE6C /* Info.plist */ = {isa = PBXFileReference; lastKnownFileType = text.plist.xml; path = Info.plist; sourceTree = "<group>"; };
		CED736442153AA5400B6FE6C /* video_play_appTests.xctest */ = {isa = PBXFileReference; explicitFileType = wrapper.cfbundle; includeInIndex = 0; path = video_play_appTests.xctest; sourceTree = BUILT_PRODUCTS_DIR; };
		CED736482153AA5400B6FE6C /* video_play_appTests.swift */ = {isa = PBXFileReference; lastKnownFileType = sourcecode.swift; path = video_play_appTests.swift; sourceTree = "<group>"; };
		CED7364A2153AA5400B6FE6C /* Info.plist */ = {isa = PBXFileReference; lastKnownFileType = text.plist.xml; path = Info.plist; sourceTree = "<group>"; };
		CED7364F2153AA5400B6FE6C /* video_play_appUITests.xctest */ = {isa = PBXFileReference; explicitFileType = wrapper.cfbundle; includeInIndex = 0; path = video_play_appUITests.xctest; sourceTree = BUILT_PRODUCTS_DIR; };
		CED736532153AA5400B6FE6C /* video_play_appUITests.swift */ = {isa = PBXFileReference; lastKnownFileType = sourcecode.swift; path = video_play_appUITests.swift; sourceTree = "<group>"; };
		CED736552153AA5400B6FE6C /* Info.plist */ = {isa = PBXFileReference; lastKnownFileType = text.plist.xml; path = Info.plist; sourceTree = "<group>"; };
		CEDFCF4C2154D7950049CBD4 /* LaunchScreen.xib */ = {isa = PBXFileReference; lastKnownFileType = file.xib; path = LaunchScreen.xib; sourceTree = "<group>"; };
		CEEFEE9F215483E3000582FE /* PlayListTableViewCell.swift */ = {isa = PBXFileReference; lastKnownFileType = sourcecode.swift; path = PlayListTableViewCell.swift; sourceTree = "<group>"; };
		CEEFEEA0215483E3000582FE /* PlayListTableViewCell.xib */ = {isa = PBXFileReference; lastKnownFileType = file.xib; path = PlayListTableViewCell.xib; sourceTree = "<group>"; };
		CEEFEEA72154CD45000582FE /* LandscapePlayerViewController.swift */ = {isa = PBXFileReference; lastKnownFileType = sourcecode.swift; path = LandscapePlayerViewController.swift; sourceTree = "<group>"; };
		CEF8B4622153AE0400863261 /* PlayListTableViewController.swift */ = {isa = PBXFileReference; lastKnownFileType = sourcecode.swift; path = PlayListTableViewController.swift; sourceTree = "<group>"; };
		CEF8B4632153AE0400863261 /* PlayListTableViewController.xib */ = {isa = PBXFileReference; lastKnownFileType = file.xib; path = PlayListTableViewController.xib; sourceTree = "<group>"; };
		DBD93572EA7C8B7E94AD9A41 /* Pods-video_play_appTests.debug.xcconfig */ = {isa = PBXFileReference; includeInIndex = 1; lastKnownFileType = text.xcconfig; name = "Pods-video_play_appTests.debug.xcconfig"; path = "Pods/Target Support Files/Pods-video_play_appTests/Pods-video_play_appTests.debug.xcconfig"; sourceTree = "<group>"; };
		F7CCA618C38C2E6975F404A7 /* Pods-video_play_appUITests.debug.xcconfig */ = {isa = PBXFileReference; includeInIndex = 1; lastKnownFileType = text.xcconfig; name = "Pods-video_play_appUITests.debug.xcconfig"; path = "Pods/Target Support Files/Pods-video_play_appUITests/Pods-video_play_appUITests.debug.xcconfig"; sourceTree = "<group>"; };
		FD36114573511FE6AD5DDD59 /* Pods-video_play_app.debug.xcconfig */ = {isa = PBXFileReference; includeInIndex = 1; lastKnownFileType = text.xcconfig; name = "Pods-video_play_app.debug.xcconfig"; path = "Pods/Target Support Files/Pods-video_play_app/Pods-video_play_app.debug.xcconfig"; sourceTree = "<group>"; };
/* End PBXFileReference section */

/* Begin PBXFrameworksBuildPhase section */
		CED7362D2153AA5300B6FE6C /* Frameworks */ = {
			isa = PBXFrameworksBuildPhase;
			buildActionMask = 2147483647;
			files = (
				B5F423EDF182884E09D0E3E9 /* Pods_video_play_app.framework in Frameworks */,
			);
			runOnlyForDeploymentPostprocessing = 0;
		};
		CED736412153AA5400B6FE6C /* Frameworks */ = {
			isa = PBXFrameworksBuildPhase;
			buildActionMask = 2147483647;
			files = (
				13C403AADD696E319304464A /* Pods_video_play_appTests.framework in Frameworks */,
			);
			runOnlyForDeploymentPostprocessing = 0;
		};
		CED7364C2153AA5400B6FE6C /* Frameworks */ = {
			isa = PBXFrameworksBuildPhase;
			buildActionMask = 2147483647;
			files = (
				8B9EFCA984152B83F1B45DFA /* Pods_video_play_appUITests.framework in Frameworks */,
			);
			runOnlyForDeploymentPostprocessing = 0;
		};
/* End PBXFrameworksBuildPhase section */

/* Begin PBXGroup section */
		0D6D98F171B0BD2D9668E6CA /* Frameworks */ = {
			isa = PBXGroup;
			children = (
				980CEEAF5F83091B6D620E37 /* Pods_video_play_app.framework */,
				4B4D6B61F301A9FA7CE195A0 /* Pods_video_play_appTests.framework */,
				67B5EF4A44D6236213B31AA9 /* Pods_video_play_appUITests.framework */,
			);
			name = Frameworks;
			sourceTree = "<group>";
		};
		584FC6625980DDEF37B8904A /* Pods */ = {
			isa = PBXGroup;
			children = (
				FD36114573511FE6AD5DDD59 /* Pods-video_play_app.debug.xcconfig */,
				21D2EEC0AFE91A495880D8FE /* Pods-video_play_app.release.xcconfig */,
				DBD93572EA7C8B7E94AD9A41 /* Pods-video_play_appTests.debug.xcconfig */,
				B6AC4DA6F86A0F7E76EF038A /* Pods-video_play_appTests.release.xcconfig */,
				F7CCA618C38C2E6975F404A7 /* Pods-video_play_appUITests.debug.xcconfig */,
				A38AE38AFFD237DFF0EE36CF /* Pods-video_play_appUITests.release.xcconfig */,
			);
			name = Pods;
			sourceTree = "<group>";
		};
		CED736272153AA5300B6FE6C = {
			isa = PBXGroup;
			children = (
				CED736322153AA5300B6FE6C /* video_play_app */,
				CED736472153AA5400B6FE6C /* video_play_appTests */,
				CED736522153AA5400B6FE6C /* video_play_appUITests */,
				CED736312153AA5300B6FE6C /* Products */,
				584FC6625980DDEF37B8904A /* Pods */,
				0D6D98F171B0BD2D9668E6CA /* Frameworks */,
			);
			sourceTree = "<group>";
		};
		CED736312153AA5300B6FE6C /* Products */ = {
			isa = PBXGroup;
			children = (
				CED736302153AA5300B6FE6C /* video_play_app.app */,
				CED736442153AA5400B6FE6C /* video_play_appTests.xctest */,
				CED7364F2153AA5400B6FE6C /* video_play_appUITests.xctest */,
			);
			name = Products;
			sourceTree = "<group>";
		};
		CED736322153AA5300B6FE6C /* video_play_app */ = {
			isa = PBXGroup;
			children = (
				CED736332153AA5300B6FE6C /* AppDelegate.swift */,
				CEF8B4622153AE0400863261 /* PlayListTableViewController.swift */,
				CEEFEE9F215483E3000582FE /* PlayListTableViewCell.swift */,
				CEEFEEA72154CD45000582FE /* LandscapePlayerViewController.swift */,
				CED7363A2153AA5400B6FE6C /* Assets.xcassets */,
				CED7363F2153AA5400B6FE6C /* Info.plist */,
				CEF8B4662153AE8200863261 /* xib */,
			);
			path = video_play_app;
			sourceTree = "<group>";
		};
		CED736472153AA5400B6FE6C /* video_play_appTests */ = {
			isa = PBXGroup;
			children = (
				CED736482153AA5400B6FE6C /* video_play_appTests.swift */,
				CED7364A2153AA5400B6FE6C /* Info.plist */,
			);
			path = video_play_appTests;
			sourceTree = "<group>";
		};
		CED736522153AA5400B6FE6C /* video_play_appUITests */ = {
			isa = PBXGroup;
			children = (
				CED736532153AA5400B6FE6C /* video_play_appUITests.swift */,
				CED736552153AA5400B6FE6C /* Info.plist */,
			);
			path = video_play_appUITests;
			sourceTree = "<group>";
		};
		CEF8B4662153AE8200863261 /* xib */ = {
			isa = PBXGroup;
			children = (
				CEF8B4632153AE0400863261 /* PlayListTableViewController.xib */,
				CEEFEEA0215483E3000582FE /* PlayListTableViewCell.xib */,
				CEDFCF4C2154D7950049CBD4 /* LaunchScreen.xib */,
			);
			path = xib;
			sourceTree = "<group>";
		};
/* End PBXGroup section */

/* Begin PBXNativeTarget section */
		CED7362F2153AA5300B6FE6C /* video_play_app */ = {
			isa = PBXNativeTarget;
			buildConfigurationList = CED736582153AA5400B6FE6C /* Build configuration list for PBXNativeTarget "video_play_app" */;
			buildPhases = (
				BFBFA15A5FDA599C9427EC2C /* [CP] Check Pods Manifest.lock */,
				CED7362C2153AA5300B6FE6C /* Sources */,
				CED7362D2153AA5300B6FE6C /* Frameworks */,
				CED7362E2153AA5300B6FE6C /* Resources */,
				B85B3B9C30233B630E099C84 /* [CP] Embed Pods Frameworks */,
			);
			buildRules = (
			);
			dependencies = (
			);
			name = video_play_app;
			productName = video_play_app;
			productReference = CED736302153AA5300B6FE6C /* video_play_app.app */;
			productType = "com.apple.product-type.application";
		};
		CED736432153AA5400B6FE6C /* video_play_appTests */ = {
			isa = PBXNativeTarget;
			buildConfigurationList = CED7365B2153AA5400B6FE6C /* Build configuration list for PBXNativeTarget "video_play_appTests" */;
			buildPhases = (
				0B652607D8E316A34BECB1A6 /* [CP] Check Pods Manifest.lock */,
				CED736402153AA5400B6FE6C /* Sources */,
				CED736412153AA5400B6FE6C /* Frameworks */,
				CED736422153AA5400B6FE6C /* Resources */,
			);
			buildRules = (
			);
			dependencies = (
				CED736462153AA5400B6FE6C /* PBXTargetDependency */,
			);
			name = video_play_appTests;
			productName = video_play_appTests;
			productReference = CED736442153AA5400B6FE6C /* video_play_appTests.xctest */;
			productType = "com.apple.product-type.bundle.unit-test";
		};
		CED7364E2153AA5400B6FE6C /* video_play_appUITests */ = {
			isa = PBXNativeTarget;
			buildConfigurationList = CED7365E2153AA5400B6FE6C /* Build configuration list for PBXNativeTarget "video_play_appUITests" */;
			buildPhases = (
				19A5F087341549395C6CEC93 /* [CP] Check Pods Manifest.lock */,
				CED7364B2153AA5400B6FE6C /* Sources */,
				CED7364C2153AA5400B6FE6C /* Frameworks */,
				CED7364D2153AA5400B6FE6C /* Resources */,
			);
			buildRules = (
			);
			dependencies = (
				CED736512153AA5400B6FE6C /* PBXTargetDependency */,
			);
			name = video_play_appUITests;
			productName = video_play_appUITests;
			productReference = CED7364F2153AA5400B6FE6C /* video_play_appUITests.xctest */;
			productType = "com.apple.product-type.bundle.ui-testing";
		};
/* End PBXNativeTarget section */

/* Begin PBXProject section */
		CED736282153AA5300B6FE6C /* Project object */ = {
			isa = PBXProject;
			attributes = {
				LastSwiftUpdateCheck = 0940;
				LastUpgradeCheck = 0940;
				ORGANIZATIONNAME = "Kazutoshi Uetsuhara";
				TargetAttributes = {
					CED7362F2153AA5300B6FE6C = {
						CreatedOnToolsVersion = 9.4.1;
					};
					CED736432153AA5400B6FE6C = {
						CreatedOnToolsVersion = 9.4.1;
						TestTargetID = CED7362F2153AA5300B6FE6C;
					};
					CED7364E2153AA5400B6FE6C = {
						CreatedOnToolsVersion = 9.4.1;
						TestTargetID = CED7362F2153AA5300B6FE6C;
					};
				};
			};
			buildConfigurationList = CED7362B2153AA5300B6FE6C /* Build configuration list for PBXProject "video_play_app" */;
			compatibilityVersion = "Xcode 9.3";
			developmentRegion = en;
			hasScannedForEncodings = 0;
			knownRegions = (
				en,
				Base,
			);
			mainGroup = CED736272153AA5300B6FE6C;
			productRefGroup = CED736312153AA5300B6FE6C /* Products */;
			projectDirPath = "";
			projectRoot = "";
			targets = (
				CED7362F2153AA5300B6FE6C /* video_play_app */,
				CED736432153AA5400B6FE6C /* video_play_appTests */,
				CED7364E2153AA5400B6FE6C /* video_play_appUITests */,
			);
		};
/* End PBXProject section */

/* Begin PBXResourcesBuildPhase section */
		CED7362E2153AA5300B6FE6C /* Resources */ = {
			isa = PBXResourcesBuildPhase;
			buildActionMask = 2147483647;
			files = (
				CEDFCF4D2154D7950049CBD4 /* LaunchScreen.xib in Resources */,
				CED7363B2153AA5400B6FE6C /* Assets.xcassets in Resources */,
				CEEFEEA2215483E3000582FE /* PlayListTableViewCell.xib in Resources */,
				CEF8B4652153AE0400863261 /* PlayListTableViewController.xib in Resources */,
			);
			runOnlyForDeploymentPostprocessing = 0;
		};
		CED736422153AA5400B6FE6C /* Resources */ = {
			isa = PBXResourcesBuildPhase;
			buildActionMask = 2147483647;
			files = (
			);
			runOnlyForDeploymentPostprocessing = 0;
		};
		CED7364D2153AA5400B6FE6C /* Resources */ = {
			isa = PBXResourcesBuildPhase;
			buildActionMask = 2147483647;
			files = (
			);
			runOnlyForDeploymentPostprocessing = 0;
		};
/* End PBXResourcesBuildPhase section */

/* Begin PBXShellScriptBuildPhase section */
		0B652607D8E316A34BECB1A6 /* [CP] Check Pods Manifest.lock */ = {
			isa = PBXShellScriptBuildPhase;
			buildActionMask = 2147483647;
			files = (
			);
			inputPaths = (
				"${PODS_PODFILE_DIR_PATH}/Podfile.lock",
				"${PODS_ROOT}/Manifest.lock",
			);
			name = "[CP] Check Pods Manifest.lock";
			outputPaths = (
				"$(DERIVED_FILE_DIR)/Pods-video_play_appTests-checkManifestLockResult.txt",
			);
			runOnlyForDeploymentPostprocessing = 0;
			shellPath = /bin/sh;
			shellScript = "diff \"${PODS_PODFILE_DIR_PATH}/Podfile.lock\" \"${PODS_ROOT}/Manifest.lock\" > /dev/null\nif [ $? != 0 ] ; then\n    # print error to STDERR\n    echo \"error: The sandbox is not in sync with the Podfile.lock. Run 'pod install' or update your CocoaPods installation.\" >&2\n    exit 1\nfi\n# This output is used by Xcode 'outputs' to avoid re-running this script phase.\necho \"SUCCESS\" > \"${SCRIPT_OUTPUT_FILE_0}\"\n";
			showEnvVarsInLog = 0;
		};
		19A5F087341549395C6CEC93 /* [CP] Check Pods Manifest.lock */ = {
			isa = PBXShellScriptBuildPhase;
			buildActionMask = 2147483647;
			files = (
			);
			inputPaths = (
				"${PODS_PODFILE_DIR_PATH}/Podfile.lock",
				"${PODS_ROOT}/Manifest.lock",
			);
			name = "[CP] Check Pods Manifest.lock";
			outputPaths = (
				"$(DERIVED_FILE_DIR)/Pods-video_play_appUITests-checkManifestLockResult.txt",
			);
			runOnlyForDeploymentPostprocessing = 0;
			shellPath = /bin/sh;
			shellScript = "diff \"${PODS_PODFILE_DIR_PATH}/Podfile.lock\" \"${PODS_ROOT}/Manifest.lock\" > /dev/null\nif [ $? != 0 ] ; then\n    # print error to STDERR\n    echo \"error: The sandbox is not in sync with the Podfile.lock. Run 'pod install' or update your CocoaPods installation.\" >&2\n    exit 1\nfi\n# This output is used by Xcode 'outputs' to avoid re-running this script phase.\necho \"SUCCESS\" > \"${SCRIPT_OUTPUT_FILE_0}\"\n";
			showEnvVarsInLog = 0;
		};
		B85B3B9C30233B630E099C84 /* [CP] Embed Pods Frameworks */ = {
			isa = PBXShellScriptBuildPhase;
			buildActionMask = 2147483647;
			files = (
			);
			inputPaths = (
				"${SRCROOT}/Pods/Target Support Files/Pods-video_play_app/Pods-video_play_app-frameworks.sh",
				"${BUILT_PRODUCTS_DIR}/Alamofire/Alamofire.framework",
				"${BUILT_PRODUCTS_DIR}/AlamofireImage/AlamofireImage.framework",
				"${BUILT_PRODUCTS_DIR}/Hex/Hex.framework",
				"${BUILT_PRODUCTS_DIR}/SVProgressHUD/SVProgressHUD.framework",
				"${BUILT_PRODUCTS_DIR}/SwiftyJSON/SwiftyJSON.framework",
			);
			name = "[CP] Embed Pods Frameworks";
			outputPaths = (
				"${TARGET_BUILD_DIR}/${FRAMEWORKS_FOLDER_PATH}/Alamofire.framework",
				"${TARGET_BUILD_DIR}/${FRAMEWORKS_FOLDER_PATH}/AlamofireImage.framework",
				"${TARGET_BUILD_DIR}/${FRAMEWORKS_FOLDER_PATH}/Hex.framework",
				"${TARGET_BUILD_DIR}/${FRAMEWORKS_FOLDER_PATH}/SVProgressHUD.framework",
				"${TARGET_BUILD_DIR}/${FRAMEWORKS_FOLDER_PATH}/SwiftyJSON.framework",
			);
			runOnlyForDeploymentPostprocessing = 0;
			shellPath = /bin/sh;
			shellScript = "\"${SRCROOT}/Pods/Target Support Files/Pods-video_play_app/Pods-video_play_app-frameworks.sh\"\n";
			showEnvVarsInLog = 0;
		};
		BFBFA15A5FDA599C9427EC2C /* [CP] Check Pods Manifest.lock */ = {
			isa = PBXShellScriptBuildPhase;
			buildActionMask = 2147483647;
			files = (
			);
			inputPaths = (
				"${PODS_PODFILE_DIR_PATH}/Podfile.lock",
				"${PODS_ROOT}/Manifest.lock",
			);
			name = "[CP] Check Pods Manifest.lock";
			outputPaths = (
				"$(DERIVED_FILE_DIR)/Pods-video_play_app-checkManifestLockResult.txt",
			);
			runOnlyForDeploymentPostprocessing = 0;
			shellPath = /bin/sh;
			shellScript = "diff \"${PODS_PODFILE_DIR_PATH}/Podfile.lock\" \"${PODS_ROOT}/Manifest.lock\" > /dev/null\nif [ $? != 0 ] ; then\n    # print error to STDERR\n    echo \"error: The sandbox is not in sync with the Podfile.lock. Run 'pod install' or update your CocoaPods installation.\" >&2\n    exit 1\nfi\n# This output is used by Xcode 'outputs' to avoid re-running this script phase.\necho \"SUCCESS\" > \"${SCRIPT_OUTPUT_FILE_0}\"\n";
			showEnvVarsInLog = 0;
		};
/* End PBXShellScriptBuildPhase section */

/* Begin PBXSourcesBuildPhase section */
		CED7362C2153AA5300B6FE6C /* Sources */ = {
			isa = PBXSourcesBuildPhase;
			buildActionMask = 2147483647;
			files = (
				CED736342153AA5300B6FE6C /* AppDelegate.swift in Sources */,
				CEEFEEA82154CD45000582FE /* LandscapePlayerViewController.swift in Sources */,
				CEF8B4642153AE0400863261 /* PlayListTableViewController.swift in Sources */,
				CEEFEEA1215483E3000582FE /* PlayListTableViewCell.swift in Sources */,
			);
			runOnlyForDeploymentPostprocessing = 0;
		};
		CED736402153AA5400B6FE6C /* Sources */ = {
			isa = PBXSourcesBuildPhase;
			buildActionMask = 2147483647;
			files = (
				CED736492153AA5400B6FE6C /* video_play_appTests.swift in Sources */,
			);
			runOnlyForDeploymentPostprocessing = 0;
		};
		CED7364B2153AA5400B6FE6C /* Sources */ = {
			isa = PBXSourcesBuildPhase;
			buildActionMask = 2147483647;
			files = (
				CED736542153AA5400B6FE6C /* video_play_appUITests.swift in Sources */,
			);
			runOnlyForDeploymentPostprocessing = 0;
		};
/* End PBXSourcesBuildPhase section */

/* Begin PBXTargetDependency section */
		CED736462153AA5400B6FE6C /* PBXTargetDependency */ = {
			isa = PBXTargetDependency;
			target = CED7362F2153AA5300B6FE6C /* video_play_app */;
			targetProxy = CED736452153AA5400B6FE6C /* PBXContainerItemProxy */;
		};
		CED736512153AA5400B6FE6C /* PBXTargetDependency */ = {
			isa = PBXTargetDependency;
			target = CED7362F2153AA5300B6FE6C /* video_play_app */;
			targetProxy = CED736502153AA5400B6FE6C /* PBXContainerItemProxy */;
		};
/* End PBXTargetDependency section */

/* Begin XCBuildConfiguration section */
		CED736562153AA5400B6FE6C /* Debug */ = {
			isa = XCBuildConfiguration;
			buildSettings = {
				ALWAYS_SEARCH_USER_PATHS = NO;
				CLANG_ANALYZER_NONNULL = YES;
				CLANG_ANALYZER_NUMBER_OBJECT_CONVERSION = YES_AGGRESSIVE;
				CLANG_CXX_LANGUAGE_STANDARD = "gnu++14";
				CLANG_CXX_LIBRARY = "libc++";
				CLANG_ENABLE_MODULES = YES;
				CLANG_ENABLE_OBJC_ARC = YES;
				CLANG_ENABLE_OBJC_WEAK = YES;
				CLANG_WARN_BLOCK_CAPTURE_AUTORELEASING = YES;
				CLANG_WARN_BOOL_CONVERSION = YES;
				CLANG_WARN_COMMA = YES;
				CLANG_WARN_CONSTANT_CONVERSION = YES;
				CLANG_WARN_DEPRECATED_OBJC_IMPLEMENTATIONS = YES;
				CLANG_WARN_DIRECT_OBJC_ISA_USAGE = YES_ERROR;
				CLANG_WARN_DOCUMENTATION_COMMENTS = YES;
				CLANG_WARN_EMPTY_BODY = YES;
				CLANG_WARN_ENUM_CONVERSION = YES;
				CLANG_WARN_INFINITE_RECURSION = YES;
				CLANG_WARN_INT_CONVERSION = YES;
				CLANG_WARN_NON_LITERAL_NULL_CONVERSION = YES;
				CLANG_WARN_OBJC_IMPLICIT_RETAIN_SELF = YES;
				CLANG_WARN_OBJC_LITERAL_CONVERSION = YES;
				CLANG_WARN_OBJC_ROOT_CLASS = YES_ERROR;
				CLANG_WARN_RANGE_LOOP_ANALYSIS = YES;
				CLANG_WARN_STRICT_PROTOTYPES = YES;
				CLANG_WARN_SUSPICIOUS_MOVE = YES;
				CLANG_WARN_UNGUARDED_AVAILABILITY = YES_AGGRESSIVE;
				CLANG_WARN_UNREACHABLE_CODE = YES;
				CLANG_WARN__DUPLICATE_METHOD_MATCH = YES;
				CODE_SIGN_IDENTITY = "iPhone Developer";
				COPY_PHASE_STRIP = NO;
				DEBUG_INFORMATION_FORMAT = dwarf;
				ENABLE_STRICT_OBJC_MSGSEND = YES;
				ENABLE_TESTABILITY = YES;
				GCC_C_LANGUAGE_STANDARD = gnu11;
				GCC_DYNAMIC_NO_PIC = NO;
				GCC_NO_COMMON_BLOCKS = YES;
				GCC_OPTIMIZATION_LEVEL = 0;
				GCC_PREPROCESSOR_DEFINITIONS = (
					"DEBUG=1",
					"$(inherited)",
				);
				GCC_WARN_64_TO_32_BIT_CONVERSION = YES;
				GCC_WARN_ABOUT_RETURN_TYPE = YES_ERROR;
				GCC_WARN_UNDECLARED_SELECTOR = YES;
				GCC_WARN_UNINITIALIZED_AUTOS = YES_AGGRESSIVE;
				GCC_WARN_UNUSED_FUNCTION = YES;
				GCC_WARN_UNUSED_VARIABLE = YES;
				IPHONEOS_DEPLOYMENT_TARGET = 11.4;
				MTL_ENABLE_DEBUG_INFO = YES;
				ONLY_ACTIVE_ARCH = YES;
				SDKROOT = iphoneos;
				SWIFT_ACTIVE_COMPILATION_CONDITIONS = DEBUG;
				SWIFT_OPTIMIZATION_LEVEL = "-Onone";
			};
			name = Debug;
		};
		CED736572153AA5400B6FE6C /* Release */ = {
			isa = XCBuildConfiguration;
			buildSettings = {
				ALWAYS_SEARCH_USER_PATHS = NO;
				CLANG_ANALYZER_NONNULL = YES;
				CLANG_ANALYZER_NUMBER_OBJECT_CONVERSION = YES_AGGRESSIVE;
				CLANG_CXX_LANGUAGE_STANDARD = "gnu++14";
				CLANG_CXX_LIBRARY = "libc++";
				CLANG_ENABLE_MODULES = YES;
				CLANG_ENABLE_OBJC_ARC = YES;
				CLANG_ENABLE_OBJC_WEAK = YES;
				CLANG_WARN_BLOCK_CAPTURE_AUTORELEASING = YES;
				CLANG_WARN_BOOL_CONVERSION = YES;
				CLANG_WARN_COMMA = YES;
				CLANG_WARN_CONSTANT_CONVERSION = YES;
				CLANG_WARN_DEPRECATED_OBJC_IMPLEMENTATIONS = YES;
				CLANG_WARN_DIRECT_OBJC_ISA_USAGE = YES_ERROR;
				CLANG_WARN_DOCUMENTATION_COMMENTS = YES;
				CLANG_WARN_EMPTY_BODY = YES;
				CLANG_WARN_ENUM_CONVERSION = YES;
				CLANG_WARN_INFINITE_RECURSION = YES;
				CLANG_WARN_INT_CONVERSION = YES;
				CLANG_WARN_NON_LITERAL_NULL_CONVERSION = YES;
				CLANG_WARN_OBJC_IMPLICIT_RETAIN_SELF = YES;
				CLANG_WARN_OBJC_LITERAL_CONVERSION = YES;
				CLANG_WARN_OBJC_ROOT_CLASS = YES_ERROR;
				CLANG_WARN_RANGE_LOOP_ANALYSIS = YES;
				CLANG_WARN_STRICT_PROTOTYPES = YES;
				CLANG_WARN_SUSPICIOUS_MOVE = YES;
				CLANG_WARN_UNGUARDED_AVAILABILITY = YES_AGGRESSIVE;
				CLANG_WARN_UNREACHABLE_CODE = YES;
				CLANG_WARN__DUPLICATE_METHOD_MATCH = YES;
				CODE_SIGN_IDENTITY = "iPhone Developer";
				COPY_PHASE_STRIP = NO;
				DEBUG_INFORMATION_FORMAT = "dwarf-with-dsym";
				ENABLE_NS_ASSERTIONS = NO;
				ENABLE_STRICT_OBJC_MSGSEND = YES;
				GCC_C_LANGUAGE_STANDARD = gnu11;
				GCC_NO_COMMON_BLOCKS = YES;
				GCC_WARN_64_TO_32_BIT_CONVERSION = YES;
				GCC_WARN_ABOUT_RETURN_TYPE = YES_ERROR;
				GCC_WARN_UNDECLARED_SELECTOR = YES;
				GCC_WARN_UNINITIALIZED_AUTOS = YES_AGGRESSIVE;
				GCC_WARN_UNUSED_FUNCTION = YES;
				GCC_WARN_UNUSED_VARIABLE = YES;
				IPHONEOS_DEPLOYMENT_TARGET = 11.4;
				MTL_ENABLE_DEBUG_INFO = NO;
				SDKROOT = iphoneos;
				SWIFT_COMPILATION_MODE = wholemodule;
				SWIFT_OPTIMIZATION_LEVEL = "-O";
				VALIDATE_PRODUCT = YES;
			};
			name = Release;
		};
		CED736592153AA5400B6FE6C /* Debug */ = {
			isa = XCBuildConfiguration;
			baseConfigurationReference = FD36114573511FE6AD5DDD59 /* Pods-video_play_app.debug.xcconfig */;
			buildSettings = {
				ASSETCATALOG_COMPILER_APPICON_NAME = AppIcon;
				CODE_SIGN_STYLE = Automatic;
				DEVELOPMENT_TEAM = "";
				INFOPLIST_FILE = video_play_app/Info.plist;
				LD_RUNPATH_SEARCH_PATHS = (
					"$(inherited)",
					"@executable_path/Frameworks",
				);
				PRODUCT_BUNDLE_IDENTIFIER = "com.ssdkfk.video-play-app";
				PRODUCT_NAME = "$(TARGET_NAME)";
				SWIFT_VERSION = 4.0;
				TARGETED_DEVICE_FAMILY = 1;
			};
			name = Debug;
		};
		CED7365A2153AA5400B6FE6C /* Release */ = {
			isa = XCBuildConfiguration;
			baseConfigurationReference = 21D2EEC0AFE91A495880D8FE /* Pods-video_play_app.release.xcconfig */;
			buildSettings = {
				ASSETCATALOG_COMPILER_APPICON_NAME = AppIcon;
				CODE_SIGN_STYLE = Automatic;
				DEVELOPMENT_TEAM = "";
				INFOPLIST_FILE = video_play_app/Info.plist;
				LD_RUNPATH_SEARCH_PATHS = (
					"$(inherited)",
					"@executable_path/Frameworks",
				);
				PRODUCT_BUNDLE_IDENTIFIER = "com.ssdkfk.video-play-app";
				PRODUCT_NAME = "$(TARGET_NAME)";
				SWIFT_VERSION = 4.0;
				TARGETED_DEVICE_FAMILY = 1;
			};
			name = Release;
		};
		CED7365C2153AA5400B6FE6C /* Debug */ = {
			isa = XCBuildConfiguration;
			baseConfigurationReference = DBD93572EA7C8B7E94AD9A41 /* Pods-video_play_appTests.debug.xcconfig */;
			buildSettings = {
				ALWAYS_EMBED_SWIFT_STANDARD_LIBRARIES = YES;
				BUNDLE_LOADER = "$(TEST_HOST)";
				CODE_SIGN_STYLE = Automatic;
				INFOPLIST_FILE = video_play_appTests/Info.plist;
				LD_RUNPATH_SEARCH_PATHS = (
					"$(inherited)",
					"@executable_path/Frameworks",
					"@loader_path/Frameworks",
				);
				PRODUCT_BUNDLE_IDENTIFIER = "com.ssdkfk.video-play-appTests";
				PRODUCT_NAME = "$(TARGET_NAME)";
				SWIFT_VERSION = 4.0;
				TARGETED_DEVICE_FAMILY = "1,2";
				TEST_HOST = "$(BUILT_PRODUCTS_DIR)/video_play_app.app/video_play_app";
			};
			name = Debug;
		};
		CED7365D2153AA5400B6FE6C /* Release */ = {
			isa = XCBuildConfiguration;
			baseConfigurationReference = B6AC4DA6F86A0F7E76EF038A /* Pods-video_play_appTests.release.xcconfig */;
			buildSettings = {
				ALWAYS_EMBED_SWIFT_STANDARD_LIBRARIES = YES;
				BUNDLE_LOADER = "$(TEST_HOST)";
				CODE_SIGN_STYLE = Automatic;
				INFOPLIST_FILE = video_play_appTests/Info.plist;
				LD_RUNPATH_SEARCH_PATHS = (
					"$(inherited)",
					"@executable_path/Frameworks",
					"@loader_path/Frameworks",
				);
				PRODUCT_BUNDLE_IDENTIFIER = "com.ssdkfk.video-play-appTests";
				PRODUCT_NAME = "$(TARGET_NAME)";
				SWIFT_VERSION = 4.0;
				TARGETED_DEVICE_FAMILY = "1,2";
				TEST_HOST = "$(BUILT_PRODUCTS_DIR)/video_play_app.app/video_play_app";
			};
			name = Release;
		};
		CED7365F2153AA5400B6FE6C /* Debug */ = {
			isa = XCBuildConfiguration;
			baseConfigurationReference = F7CCA618C38C2E6975F404A7 /* Pods-video_play_appUITests.debug.xcconfig */;
			buildSettings = {
				ALWAYS_EMBED_SWIFT_STANDARD_LIBRARIES = YES;
				CODE_SIGN_STYLE = Automatic;
				INFOPLIST_FILE = video_play_appUITests/Info.plist;
				LD_RUNPATH_SEARCH_PATHS = (
					"$(inherited)",
					"@executable_path/Frameworks",
					"@loader_path/Frameworks",
				);
				PRODUCT_BUNDLE_IDENTIFIER = "com.ssdkfk.video-play-appUITests";
				PRODUCT_NAME = "$(TARGET_NAME)";
				SWIFT_VERSION = 4.0;
				TARGETED_DEVICE_FAMILY = "1,2";
				TEST_TARGET_NAME = video_play_app;
			};
			name = Debug;
		};
		CED736602153AA5400B6FE6C /* Release */ = {
			isa = XCBuildConfiguration;
			baseConfigurationReference = A38AE38AFFD237DFF0EE36CF /* Pods-video_play_appUITests.release.xcconfig */;
			buildSettings = {
				ALWAYS_EMBED_SWIFT_STANDARD_LIBRARIES = YES;
				CODE_SIGN_STYLE = Automatic;
				INFOPLIST_FILE = video_play_appUITests/Info.plist;
				LD_RUNPATH_SEARCH_PATHS = (
					"$(inherited)",
					"@executable_path/Frameworks",
					"@loader_path/Frameworks",
				);
				PRODUCT_BUNDLE_IDENTIFIER = "com.ssdkfk.video-play-appUITests";
				PRODUCT_NAME = "$(TARGET_NAME)";
				SWIFT_VERSION = 4.0;
				TARGETED_DEVICE_FAMILY = "1,2";
				TEST_TARGET_NAME = video_play_app;
			};
			name = Release;
		};
/* End XCBuildConfiguration section */

/* Begin XCConfigurationList section */
		CED7362B2153AA5300B6FE6C /* Build configuration list for PBXProject "video_play_app" */ = {
			isa = XCConfigurationList;
			buildConfigurations = (
				CED736562153AA5400B6FE6C /* Debug */,
				CED736572153AA5400B6FE6C /* Release */,
			);
			defaultConfigurationIsVisible = 0;
			defaultConfigurationName = Release;
		};
		CED736582153AA5400B6FE6C /* Build configuration list for PBXNativeTarget "video_play_app" */ = {
			isa = XCConfigurationList;
			buildConfigurations = (
				CED736592153AA5400B6FE6C /* Debug */,
				CED7365A2153AA5400B6FE6C /* Release */,
			);
			defaultConfigurationIsVisible = 0;
			defaultConfigurationName = Release;
		};
		CED7365B2153AA5400B6FE6C /* Build configuration list for PBXNativeTarget "video_play_appTests" */ = {
			isa = XCConfigurationList;
			buildConfigurations = (
				CED7365C2153AA5400B6FE6C /* Debug */,
				CED7365D2153AA5400B6FE6C /* Release */,
			);
			defaultConfigurationIsVisible = 0;
			defaultConfigurationName = Release;
		};
		CED7365E2153AA5400B6FE6C /* Build configuration list for PBXNativeTarget "video_play_appUITests" */ = {
			isa = XCConfigurationList;
			buildConfigurations = (
				CED7365F2153AA5400B6FE6C /* Debug */,
				CED736602153AA5400B6FE6C /* Release */,
			);
			defaultConfigurationIsVisible = 0;
			defaultConfigurationName = Release;
		};
/* End XCConfigurationList section */
	};
	rootObject = CED736282153AA5300B6FE6C /* Project object */;
}
